
Microsoft Visual Studio Solution File, Format Version 12.00
# Visual Studio Version 17
VisualStudioVersion = 17.1.32210.238
MinimumVisualStudioVersion = 10.0.40219.1
Project("{E53339B2-1760-4266-BCC7-CA923CBCF16C}") = "docker-compose", "..\..\docker-compose.dcproj", "{536107AF-0B72-4CC1-BC19-91CB05D5950A}"
EndProject
Project("{9A19103F-16F7-4668-BE54-9A1E7A4F7556}") = "PokeLoader", "PokeLoader\PokeLoader.csproj", "{D542CF1E-E7A1-4588-B945-53BC5A40AB62}"
EndProject
Project("{FAE04EC0-301F-11D3-BF4B-00C04F79EFBC}") = "PokeQuery", "PokeQuery\PokeQuery.csproj", "{67F40F0F-E8E3-473B-88C6-0001D6FF5A8D}"
EndProject
Global
	GlobalSection(SolutionConfigurationPlatforms) = preSolution
		Debug|Any CPU = Debug|Any CPU
		Release|Any CPU = Release|Any CPU
	EndGlobalSection
	GlobalSection(ProjectConfigurationPlatforms) = postSolution
		{536107AF-0B72-4CC1-BC19-91CB05D5950A}.Debug|Any CPU.ActiveCfg = Debug|Any CPU
		{536107AF-0B72-4CC1-BC19-91CB05D5950A}.Debug|Any CPU.Build.0 = Debug|Any CPU
		{536107AF-0B72-4CC1-BC19-91CB05D5950A}.Release|Any CPU.ActiveCfg = Release|Any CPU
		{536107AF-0B72-4CC1-BC19-91CB05D5950A}.Release|Any CPU.Build.0 = Release|Any CPU
		{D542CF1E-E7A1-4588-B945-53BC5A40AB62}.Debug|Any CPU.ActiveCfg = Debug|Any CPU
		{D542CF1E-E7A1-4588-B945-53BC5A40AB62}.Debug|Any CPU.Build.0 = Debug|Any CPU
		{D542CF1E-E7A1-4588-B945-53BC5A40AB62}.Release|Any CPU.ActiveCfg = Release|Any CPU
		{D542CF1E-E7A1-4588-B945-53BC5A40AB62}.Release|Any CPU.Build.0 = Release|Any CPU
		{67F40F0F-E8E3-473B-88C6-0001D6FF5A8D}.Debug|Any CPU.ActiveCfg = Debug|Any CPU
		{67F40F0F-E8E3-473B-88C6-0001D6FF5A8D}.Debug|Any CPU.Build.0 = Debug|Any CPU
		{67F40F0F-E8E3-473B-88C6-0001D6FF5A8D}.Release|Any CPU.ActiveCfg = Release|Any CPU
		{67F40F0F-E8E3-473B-88C6-0001D6FF5A8D}.Release|Any CPU.Build.0 = Release|Any CPU
	EndGlobalSection
	GlobalSection(SolutionProperties) = preSolution
		HideSolutionNode = FALSE
	EndGlobalSection
	GlobalSection(ExtensibilityGlobals) = postSolution
		SolutionGuid = {74BFA903-E5A1-45BF-981A-A47D4571A6E8}
	EndGlobalSection
EndGlobal
